github.com/RyanCarrier/dijkstra v1.1.0 h1:/NDihjfJA3CxFaZz8EdzTwdFKFZDvvB881OVLdakRcI=
github.com/RyanCarrier/dijkstra v1.1.0/go.mod h1:5agGUBNEtUAGIANmbw09fuO3a2htPEkc1jNH01qxCWA=
github.com/RyanCarrier/dijkstra-1 v0.0.0-20170512020943-0e5801a26345/go.mod h1:OK4EvWJ441LQqGzed5NGB6vKBAE34n3z7iayPcEwr30=
github.com/albertorestifo/dijkstra v0.0.0-20160910063646-aba76f725f72/go.mod h1:o+JdB7VetTHjLhU0N57x18B9voDBQe0paApdEAEoEfw=
github.com/davecgh/go-spew v1.1.0/go.mod h1:J7Y8YcW2NihsgmVo/mv3lAwl/skON4iLHjSsI+c5H38=
github.com/mattomatic/dijkstra v0.0.0-20130617153013-6f6d134eb237/go.mod h1:UOnLAUmVG5paym8pD3C4B9BQylUDC2vXFJJpT7JrlEA=
github.com/montanaflynn/stats v0.6.6 h1:Duep6KMIDpY4Yo11iFsvyqJDyfzLF9+sndUKT+v64GQ=
github.com/montanaflynn/stats v0.6.6/go.mod h1:etXPPgVO6n31NxCd9KQUMvCM+ve0ruNzt6R8Bnaayow=
github.com/pmezard/go-difflib v1.0.0/go.mod h1:iKH77koFhYxTK1pcRnkKkqfTogsbg7gZNVY4sRDYZ/4=
github.com/stretchr/objx v0.1.0/go.mod h1:HFkY916IF+rwdDfMAkV7OtwuqBVzrE8GR6GFx+wExME=
github.com/stretchr/testify v1.4.0/go.mod h1:j7eGeouHqKxXV5pUuKE4zz7dFj8WfuZ+81PSLYec5m4=
github.com/thoas/go-funk v0.9.1 h1:O549iLZqPpTUQ10ykd26sZhzD+rmR5pWhuElrhbC20M=
github.com/thoas/go-funk v0.9.1/go.mod h1:+IWnUfUmFO1+WVYQWQtIJHeRRdaIyyYglZN7xzUPe4Q=
gopkg.in/check.v1 v0.0.0-20161208181325-20d25e280405/go.mod h1:Co6ibVJAznAaIkqp8huTwlJQCZ016jof/cbN4VW5Yz0=
gopkg.in/yaml.v2 v2.2.2/go.mod h1:hI93XBmqTisBFMUTm0b8Fm+jr3Dg1NNxqwp+5A1VGuI=
